Microsoft Visual Studio Solution File, Format Version 12.00
# Visual Studio Version 17
VisualStudioVersion = 17.5.2.0
MinimumVisualStudioVersion = 10.0.40219.1
Project("{FAE04EC0-301F-11D3-BF4B-00C04F79EFBC}") = "GatoBackend", "GatoBackend.csproj", "{389A35F9-AB09-77ED-C60A-4A5A86ECEE2C}"
EndProject
Global
	GlobalSection(SolutionConfigurationPlatforms) = preSolution
		Debug|Any CPU = Debug|Any CPU
		Release|Any CPU = Release|Any CPU
	EndGlobalSection
	GlobalSection(ProjectConfigurationPlatforms) = postSolution
		{389A35F9-AB09-77ED-C60A-4A5A86ECEE2C}.Debug|Any CPU.ActiveCfg = Debug|Any CPU
		{389A35F9-AB09-77ED-C60A-4A5A86ECEE2C}.Debug|Any CPU.Build.0 = Debug|Any CPU
		{389A35F9-AB09-77ED-C60A-4A5A86ECEE2C}.Release|Any CPU.ActiveCfg = Release|Any CPU
		{389A35F9-AB09-77ED-C60A-4A5A86ECEE2C}.Release|Any CPU.Build.0 = Release|Any CPU
	EndGlobalSection
	GlobalSection(SolutionProperties) = preSolution
		HideSolutionNode = FALSE
	EndGlobalSection
	GlobalSection(ExtensibilityGlobals) = postSolution
		SolutionGuid = {6620D826-C4F2-49FB-8EEC-C38EDA39AE0E}
	EndGlobalSection
EndGlobal
